
Microsoft Visual Studio Solution File, Format Version 12.00
# Visual Studio Version 17
VisualStudioVersion = 17.10.35027.167
MinimumVisualStudioVersion = 10.0.40219.1
Project("{8BC9CEB8-8B4A-11D0-8D11-00A0C91BC942}") = "test_while", "test_while\test_while.vcxproj", "{AAB28DE5-BD06-4E47-8320-DED9C653AA4B}"
EndProject
Global
	GlobalSection(SolutionConfigurationPlatforms) = preSolution
		Debug|x64 = Debug|x64
		Debug|x86 = Debug|x86
		Release|x64 = Release|x64
		Release|x86 = Release|x86
	EndGlobalSection
	GlobalSection(ProjectConfigurationPlatforms) = postSolution
		{AAB28DE5-BD06-4E47-8320-DED9C653AA4B}.Debug|x64.ActiveCfg = Debug|x64
		{AAB28DE5-BD06-4E47-8320-DED9C653AA4B}.Debug|x64.Build.0 = Debug|x64
		{AAB28DE5-BD06-4E47-8320-DED9C653AA4B}.Debug|x86.ActiveCfg = Debug|Win32
		{AAB28DE5-BD06-4E47-8320-DED9C653AA4B}.Debug|x86.Build.0 = Debug|Win32
		{AAB28DE5-BD06-4E47-8320-DED9C653AA4B}.Release|x64.ActiveCfg = Release|x64
		{AAB28DE5-BD06-4E47-8320-DED9C653AA4B}.Release|x64.Build.0 = Release|x64
		{AAB28DE5-BD06-4E47-8320-DED9C653AA4B}.Release|x86.ActiveCfg = Release|Win32
		{AAB28DE5-BD06-4E47-8320-DED9C653AA4B}.Release|x86.Build.0 = Release|Win32
	EndGlobalSection
	GlobalSection(SolutionProperties) = preSolution
		HideSolutionNode = FALSE
	EndGlobalSection
	GlobalSection(ExtensibilityGlobals) = postSolution
		SolutionGuid = {52163367-D758-4297-A313-96F1C66134C5}
	EndGlobalSection
EndGlobal
