
Microsoft Visual Studio Solution File, Format Version 12.00
# Visual Studio Version 17
VisualStudioVersion = 17.10.35027.167
MinimumVisualStudioVersion = 10.0.40219.1
Project("{8BC9CEB8-8B4A-11D0-8D11-00A0C91BC942}") = "test_macro", "test_macro\test_macro.vcxproj", "{7B73215F-0F2B-49F2-8D16-1121F6A82D46}"
EndProject
Global
	GlobalSection(SolutionConfigurationPlatforms) = preSolution
		Debug|x64 = Debug|x64
		Debug|x86 = Debug|x86
		Release|x64 = Release|x64
		Release|x86 = Release|x86
	EndGlobalSection
	GlobalSection(ProjectConfigurationPlatforms) = postSolution
		{7B73215F-0F2B-49F2-8D16-1121F6A82D46}.Debug|x64.ActiveCfg = Debug|x64
		{7B73215F-0F2B-49F2-8D16-1121F6A82D46}.Debug|x64.Build.0 = Debug|x64
		{7B73215F-0F2B-49F2-8D16-1121F6A82D46}.Debug|x86.ActiveCfg = Debug|Win32
		{7B73215F-0F2B-49F2-8D16-1121F6A82D46}.Debug|x86.Build.0 = Debug|Win32
		{7B73215F-0F2B-49F2-8D16-1121F6A82D46}.Release|x64.ActiveCfg = Release|x64
		{7B73215F-0F2B-49F2-8D16-1121F6A82D46}.Release|x64.Build.0 = Release|x64
		{7B73215F-0F2B-49F2-8D16-1121F6A82D46}.Release|x86.ActiveCfg = Release|Win32
		{7B73215F-0F2B-49F2-8D16-1121F6A82D46}.Release|x86.Build.0 = Release|Win32
	EndGlobalSection
	GlobalSection(SolutionProperties) = preSolution
		HideSolutionNode = FALSE
	EndGlobalSection
	GlobalSection(ExtensibilityGlobals) = postSolution
		SolutionGuid = {139053D4-35E8-4149-A886-1DBFDFB6C5FC}
	EndGlobalSection
EndGlobal
